
Microsoft Visual Studio Solution File, Format Version 12.00
Project("{FAE04EC0-301F-11D3-BF4B-00C04F79EFBC}") = "SharpMonkey", "SharpMonkey\SharpMonkey.csproj", "{0321A914-207B-4372-BF9A-742EC9994AED}"
EndProject
Project("{FAE04EC0-301F-11D3-BF4B-00C04F79EFBC}") = "SharpMonkeyTest", "SharpMonkeyTest\SharpMonkeyTest.csproj", "{9C246542-D994-4185-8507-D9384D859E2C}"
EndProject
Global
	GlobalSection(SolutionConfigurationPlatforms) = preSolution
		Debug|Any CPU = Debug|Any CPU
		Release|Any CPU = Release|Any CPU
	EndGlobalSection
	GlobalSection(ProjectConfigurationPlatforms) = postSolution
		{0321A914-207B-4372-BF9A-742EC9994AED}.Debug|Any CPU.ActiveCfg = Debug|Any CPU
		{0321A914-207B-4372-BF9A-742EC9994AED}.Debug|Any CPU.Build.0 = Debug|Any CPU
		{0321A914-207B-4372-BF9A-742EC9994AED}.Release|Any CPU.ActiveCfg = Release|Any CPU
		{0321A914-207B-4372-BF9A-742EC9994AED}.Release|Any CPU.Build.0 = Release|Any CPU
		{9C246542-D994-4185-8507-D9384D859E2C}.Debug|Any CPU.ActiveCfg = Debug|Any CPU
		{9C246542-D994-4185-8507-D9384D859E2C}.Debug|Any CPU.Build.0 = Debug|Any CPU
		{9C246542-D994-4185-8507-D9384D859E2C}.Release|Any CPU.ActiveCfg = Release|Any CPU
		{9C246542-D994-4185-8507-D9384D859E2C}.Release|Any CPU.Build.0 = Release|Any CPU
	EndGlobalSection
EndGlobal
